
Microsoft Visual Studio Solution File, Format Version 11.00
# Visual Studio 2010
Project("{8BC9CEB8-8B4A-11D0-8D11-00A0C91BC942}") = "BlodPaltProjekt2", "BlodPaltProjekt2.vcxproj", "{DB2ADA08-6ECE-460D-8372-CA1016702999}"
EndProject
Global
	GlobalSection(SolutionConfigurationPlatforms) = preSolution
		Debug|Win32 = Debug|Win32
		Release|Win32 = Release|Win32
	EndGlobalSection
	GlobalSection(ProjectConfigurationPlatforms) = postSolution
		{DB2ADA08-6ECE-460D-8372-CA1016702999}.Debug|Win32.ActiveCfg = Debug|Win32
		{DB2ADA08-6ECE-460D-8372-CA1016702999}.Debug|Win32.Build.0 = Debug|Win32
		{DB2ADA08-6ECE-460D-8372-CA1016702999}.Release|Win32.ActiveCfg = Release|Win32
		{DB2ADA08-6ECE-460D-8372-CA1016702999}.Release|Win32.Build.0 = Release|Win32
	EndGlobalSection
	GlobalSection(SolutionProperties) = preSolution
		HideSolutionNode = FALSE
	EndGlobalSection
EndGlobal
